// !$*UTF8*$!
{
	archiveVersion = 1;
	classes = {
	};
	objectVersion = 50;
	objects = {

/* Begin PBXBuildFile section */
		BA292FFD27B3A56400AEC752 /* AppDelegate.swift in Sources */ = {isa = PBXBuildFile; fileRef = BA292FFC27B3A56400AEC752 /* AppDelegate.swift */; };
		BA292FFF27B3A56400AEC752 /* SceneDelegate.swift in Sources */ = {isa = PBXBuildFile; fileRef = BA292FFE27B3A56400AEC752 /* SceneDelegate.swift */; };
		BA29300127B3A56400AEC752 /* ViewController.swift in Sources */ = {isa = PBXBuildFile; fileRef = BA29300027B3A56400AEC752 /* ViewController.swift */; };
		BA29300427B3A56400AEC752 /* Main.storyboard in Resources */ = {isa = PBXBuildFile; fileRef = BA29300227B3A56400AEC752 /* Main.storyboard */; };
		BA29300627B3A56600AEC752 /* Assets.xcassets in Resources */ = {isa = PBXBuildFile; fileRef = BA29300527B3A56600AEC752 /* Assets.xcassets */; };
		BA29300927B3A56600AEC752 /* LaunchScreen.storyboard in Resources */ = {isa = PBXBuildFile; fileRef = BA29300727B3A56600AEC752 /* LaunchScreen.storyboard */; };
/* End PBXBuildFile section */

/* Begin PBXFileReference section */
		BA292FF927B3A56400AEC752 /* Dummy.app */ = {isa = PBXFileReference; explicitFileType = wrapper.application; includeInIndex = 0; path = Dummy.app; sourceTree = BUILT_PRODUCTS_DIR; };
		BA292FFC27B3A56400AEC752 /* AppDelegate.swift */ = {isa = PBXFileReference; lastKnownFileType = sourcecode.swift; path = AppDelegate.swift; sourceTree = "<group>"; };
		BA292FFE27B3A56400AEC752 /* SceneDelegate.swift */ = {isa = PBXFileReference; lastKnownFileType = sourcecode.swift; path = SceneDelegate.swift; sourceTree = "<group>"; };
		BA29300027B3A56400AEC752 /* ViewController.swift */ = {isa = PBXFileReference; lastKnownFileType = sourcecode.swift; path = ViewController.swift; sourceTree = "<group>"; };
		BA29300327B3A56400AEC752 /* Base */ = {isa = PBXFileReference; lastKnownFileType = file.storyboard; name = Base; path = Base.lproj/Main.storyboard; sourceTree = "<group>"; };
		BA29300527B3A56600AEC752 /* Assets.xcassets */ = {isa = PBXFileReference; lastKnownFileType = folder.assetcatalog; path = Assets.xcassets; sourceTree = "<group>"; };
		BA29300827B3A56600AEC752 /* Base */ = {isa = PBXFileReference; lastKnownFileType = file.storyboard; name = Base; path = Base.lproj/LaunchScreen.storyboard; sourceTree = "<group>"; };
		BA29300A27B3A56600AEC752 /* Info.plist */ = {isa = PBXFileReference; lastKnownFileType = text.plist.xml; path = Info.plist; sourceTree = "<group>"; };
/* End PBXFileReference section */

/* Begin PBXFrameworksBuildPhase section */
		BA292FF627B3A56400AEC752 /* Frameworks */ = {
			isa = PBXFrameworksBuildPhase;
			buildActionMask = 2147483647;
			files = (
			);
			runOnlyForDeploymentPostprocessing = 0;
		};
/* End PBXFrameworksBuildPhase section */

/* Begin PBXGroup section */
		BA292FF027B3A56400AEC752 = {
			isa = PBXGroup;
			children = (
				BA292FFB27B3A56400AEC752 /* Dummy */,
				BA292FFA27B3A56400AEC752 /* Products */,
			);
			sourceTree = "<group>";
		};
		BA292FFA27B3A56400AEC752 /* Products */ = {
			isa = PBXGroup;
			children = (
				BA292FF927B3A56400AEC752 /* Dummy.app */,
			);
			name = Products;
			sourceTree = "<group>";
		};
		BA292FFB27B3A56400AEC752 /* Dummy */ = {
			isa = PBXGroup;
			children = (
				BA292FFC27B3A56400AEC752 /* AppDelegate.swift */,
				BA292FFE27B3A56400AEC752 /* SceneDelegate.swift */,
				BA29300027B3A56400AEC752 /* ViewController.swift */,
				BA29300227B3A56400AEC752 /* Main.storyboard */,
				BA29300527B3A56600AEC752 /* Assets.xcassets */,
				BA29300727B3A56600AEC752 /* LaunchScreen.storyboard */,
				BA29300A27B3A56600AEC752 /* Info.plist */,
			);
			path = Dummy;
			sourceTree = "<group>";
		};
/* End PBXGroup section */

/* Begin PBXNativeTarget section */
		BA292FF827B3A56400AEC752 /* Dummy */ = {
			isa = PBXNativeTarget;
			buildConfigurationList = BA29300D27B3A56600AEC752 /* Build configuration list for PBXNativeTarget "Dummy" */;
			buildPhases = (
				BA292FF527B3A56400AEC752 /* Sources */,
				BA292FF627B3A56400AEC752 /* Frameworks */,
				BA292FF727B3A56400AEC752 /* Resources */,
			);
			buildRules = (
			);
			dependencies = (
			);
			name = Dummy;
			productName = Dummy;
			productReference = BA292FF927B3A56400AEC752 /* Dummy.app */;
			productType = "com.apple.product-type.application";
		};
/* End PBXNativeTarget section */

/* Begin PBXProject section */
		BA292FF127B3A56400AEC752 /* Project object */ = {
			isa = PBXProject;
			attributes = {
				LastSwiftUpdateCheck = 1130;
				LastUpgradeCheck = 1130;
				ORGANIZATIONNAME = Develop;
				TargetAttributes = {
					BA292FF827B3A56400AEC752 = {
						CreatedOnToolsVersion = 11.3.1;
					};
				};
			};
			buildConfigurationList = BA292FF427B3A56400AEC752 /* Build configuration list for PBXProject "Dummy" */;
			compatibilityVersion = "Xcode 9.3";
			developmentRegion = en;
			hasScannedForEncodings = 0;
			knownRegions = (
				en,
				Base,
			);
			mainGroup = BA292FF027B3A56400AEC752;
			productRefGroup = BA292FFA27B3A56400AEC752 /* Products */;
			projectDirPath = "";
			projectRoot = "";
			targets = (
				BA292FF827B3A56400AEC752 /* Dummy */,
			);
		};
/* End PBXProject section */

/* Begin PBXResourcesBuildPhase section */
		BA292FF727B3A56400AEC752 /* Resources */ = {
			isa = PBXResourcesBuildPhase;
			buildActionMask = 2147483647;
			files = (
				BA29300927B3A56600AEC752 /* LaunchScreen.storyboard in Resources */,
				BA29300627B3A56600AEC752 /* Assets.xcassets in Resources */,
				BA29300427B3A56400AEC752 /* Main.storyboard in Resources */,
			);
			runOnlyForDeploymentPostprocessing = 0;
		};
/* End PBXResourcesBuildPhase section */

/* Begin PBXSourcesBuildPhase section */
		BA292FF527B3A56400AEC752 /* Sources */ = {
			isa = PBXSourcesBuildPhase;
			buildActionMask = 2147483647;
			files = (
				BA29300127B3A56400AEC752 /* ViewController.swift in Sources */,
				BA292FFD27B3A56400AEC752 /* AppDelegate.swift in Sources */,
				BA292FFF27B3A56400AEC752 /* SceneDelegate.swift in Sources */,
			);
			runOnlyForDeploymentPostprocessing = 0;
		};
/* End PBXSourcesBuildPhase section */

/* Begin PBXVariantGroup section */
		BA29300227B3A56400AEC752 /* Main.storyboard */ = {
			isa = PBXVariantGroup;
			children = (
				BA29300327B3A56400AEC752 /* Base */,
			);
			name = Main.storyboard;
			sourceTree = "<group>";
		};
		BA29300727B3A56600AEC752 /* LaunchScreen.storyboard */ = {
			isa = PBXVariantGroup;
			children = (
				BA29300827B3A56600AEC752 /* Base */,
			);
			name = LaunchScreen.storyboard;
			sourceTree = "<group>";
		};
/* End PBXVariantGroup section */

/* Begin XCBuildConfiguration section */
		BA29300B27B3A56600AEC752 /* Debug */ = {
			isa = XCBuildConfiguration;
			buildSettings = {
				ALWAYS_SEARCH_USER_PATHS = NO;
				CLANG_ANALYZER_NONNULL = YES;
				CLANG_ANALYZER_NUMBER_OBJECT_CONVERSION = YES_AGGRESSIVE;
				CLANG_CXX_LANGUAGE_STANDARD = "gnu++14";
				CLANG_CXX_LIBRARY = "libc++";
				CLANG_ENABLE_MODULES = YES;
				CLANG_ENABLE_OBJC_ARC = YES;
				CLANG_ENABLE_OBJC_WEAK = YES;
				CLANG_WARN_BLOCK_CAPTURE_AUTORELEASING = YES;
				CLANG_WARN_BOOL_CONVERSION = YES;
				CLANG_WARN_COMMA = YES;
				CLANG_WARN_CONSTANT_CONVERSION = YES;
				CLANG_WARN_DEPRECATED_OBJC_IMPLEMENTATIONS = YES;
				CLANG_WARN_DIRECT_OBJC_ISA_USAGE = YES_ERROR;
				CLANG_WARN_DOCUMENTATION_COMMENTS = YES;
				CLANG_WARN_EMPTY_BODY = YES;
				CLANG_WARN_ENUM_CONVERSION = YES;
				CLANG_WARN_INFINITE_RECURSION = YES;
				CLANG_WARN_INT_CONVERSION = YES;
				CLANG_WARN_NON_LITERAL_NULL_CONVERSION = YES;
				CLANG_WARN_OBJC_IMPLICIT_RETAIN_SELF = YES;
				CLANG_WARN_OBJC_LITERAL_CONVERSION = YES;
				CLANG_WARN_OBJC_ROOT_CLASS = YES_ERROR;
				CLANG_WARN_RANGE_LOOP_ANALYSIS = YES;
				CLANG_WARN_STRICT_PROTOTYPES = YES;
				CLANG_WARN_SUSPICIOUS_MOVE = YES;
				CLANG_WARN_UNGUARDED_AVAILABILITY = YES_AGGRESSIVE;
				CLANG_WARN_UNREACHABLE_CODE = YES;
				CLANG_WARN__DUPLICATE_METHOD_MATCH = YES;
				COPY_PHASE_STRIP = NO;
				DEBUG_INFORMATION_FORMAT = dwarf;
				ENABLE_STRICT_OBJC_MSGSEND = YES;
				ENABLE_TESTABILITY = YES;
				GCC_C_LANGUAGE_STANDARD = gnu11;
				GCC_DYNAMIC_NO_PIC = NO;
				GCC_NO_COMMON_BLOCKS = YES;
				GCC_OPTIMIZATION_LEVEL = 0;
				GCC_PREPROCESSOR_DEFINITIONS = (
					"DEBUG=1",
					"$(inherited)",
				);
				GCC_WARN_64_TO_32_BIT_CONVERSION = YES;
				GCC_WARN_ABOUT_RETURN_TYPE = YES_ERROR;
				GCC_WARN_UNDECLARED_SELECTOR = YES;
				GCC_WARN_UNINITIALIZED_AUTOS = YES_AGGRESSIVE;
				GCC_WARN_UNUSED_FUNCTION = YES;
				GCC_WARN_UNUSED_VARIABLE = YES;
				IPHONEOS_DEPLOYMENT_TARGET = 13.2;
				MTL_ENABLE_DEBUG_INFO = INCLUDE_SOURCE;
				MTL_FAST_MATH = YES;
				ONLY_ACTIVE_ARCH = YES;
				SDKROOT = iphoneos;
				SWIFT_ACTIVE_COMPILATION_CONDITIONS = DEBUG;
				SWIFT_OPTIMIZATION_LEVEL = "-Onone";
			};
			name = Debug;
		};
		BA29300C27B3A56600AEC752 /* Release */ = {
			isa = XCBuildConfiguration;
			buildSettings = {
				ALWAYS_SEARCH_USER_PATHS = NO;
				CLANG_ANALYZER_NONNULL = YES;
				CLANG_ANALYZER_NUMBER_OBJECT_CONVERSION = YES_AGGRESSIVE;
				CLANG_CXX_LANGUAGE_STANDARD = "gnu++14";
				CLANG_CXX_LIBRARY = "libc++";
				CLANG_ENABLE_MODULES = YES;
				CLANG_ENABLE_OBJC_ARC = YES;
				CLANG_ENABLE_OBJC_WEAK = YES;
				CLANG_WARN_BLOCK_CAPTURE_AUTORELEASING = YES;
				CLANG_WARN_BOOL_CONVERSION = YES;
				CLANG_WARN_COMMA = YES;
				CLANG_WARN_CONSTANT_CONVERSION = YES;
				CLANG_WARN_DEPRECATED_OBJC_IMPLEMENTATIONS = YES;
				CLANG_WARN_DIRECT_OBJC_ISA_USAGE = YES_ERROR;
				CLANG_WARN_DOCUMENTATION_COMMENTS = YES;
				CLANG_WARN_EMPTY_BODY = YES;
				CLANG_WARN_ENUM_CONVERSION = YES;
				CLANG_WARN_INFINITE_RECURSION = YES;
				CLANG_WARN_INT_CONVERSION = YES;
				CLANG_WARN_NON_LITERAL_NULL_CONVERSION = YES;
				CLANG_WARN_OBJC_IMPLICIT_RETAIN_SELF = YES;
				CLANG_WARN_OBJC_LITERAL_CONVERSION = YES;
				CLANG_WARN_OBJC_ROOT_CLASS = YES_ERROR;
				CLANG_WARN_RANGE_LOOP_ANALYSIS = YES;
				CLANG_WARN_STRICT_PROTOTYPES = YES;
				CLANG_WARN_SUSPICIOUS_MOVE = YES;
				CLANG_WARN_UNGUARDED_AVAILABILITY = YES_AGGRESSIVE;
				CLANG_WARN_UNREACHABLE_CODE = YES;
				CLANG_WARN__DUPLICATE_METHOD_MATCH = YES;
				COPY_PHASE_STRIP = NO;
				DEBUG_INFORMATION_FORMAT = "dwarf-with-dsym";
				ENABLE_NS_ASSERTIONS = NO;
				ENABLE_STRICT_OBJC_MSGSEND = YES;
				GCC_C_LANGUAGE_STANDARD = gnu11;
				GCC_NO_COMMON_BLOCKS = YES;
				GCC_WARN_64_TO_32_BIT_CONVERSION = YES;
				GCC_WARN_ABOUT_RETURN_TYPE = YES_ERROR;
				GCC_WARN_UNDECLARED_SELECTOR = YES;
				GCC_WARN_UNINITIALIZED_AUTOS = YES_AGGRESSIVE;
				GCC_WARN_UNUSED_FUNCTION = YES;
				GCC_WARN_UNUSED_VARIABLE = YES;
				IPHONEOS_DEPLOYMENT_TARGET = 13.2;
				MTL_ENABLE_DEBUG_INFO = NO;
				MTL_FAST_MATH = YES;
				SDKROOT = iphoneos;
				SWIFT_COMPILATION_MODE = wholemodule;
				SWIFT_OPTIMIZATION_LEVEL = "-O";
				VALIDATE_PRODUCT = YES;
			};
			name = Release;
		};
		BA29300E27B3A56600AEC752 /* Debug */ = {
			isa = XCBuildConfiguration;
			buildSettings = {
				ASSETCATALOG_COMPILER_APPICON_NAME = AppIcon;
				CODE_SIGN_STYLE = Automatic;
				DEVELOPMENT_TEAM = LC63953P8C;
				INFOPLIST_FILE = Dummy/Info.plist;
				LD_RUNPATH_SEARCH_PATHS = (
					"$(inherited)",
					"@executable_path/Frameworks",
				);
				PRODUCT_BUNDLE_IDENTIFIER = as.Dummy;
				PRODUCT_NAME = "$(TARGET_NAME)";
				SWIFT_VERSION = 5.0;
				TARGETED_DEVICE_FAMILY = "1,2";
			};
			name = Debug;
		};
		BA29300F27B3A56600AEC752 /* Release */ = {
			isa = XCBuildConfiguration;
			buildSettings = {
				ASSETCATALOG_COMPILER_APPICON_NAME = AppIcon;
				CODE_SIGN_STYLE = Automatic;
				DEVELOPMENT_TEAM = LC63953P8C;
				INFOPLIST_FILE = Dummy/Info.plist;
				LD_RUNPATH_SEARCH_PATHS = (
					"$(inherited)",
					"@executable_path/Frameworks",
				);
				PRODUCT_BUNDLE_IDENTIFIER = as.Dummy;
				PRODUCT_NAME = "$(TARGET_NAME)";
				SWIFT_VERSION = 5.0;
				TARGETED_DEVICE_FAMILY = "1,2";
			};
			name = Release;
		};
/* End XCBuildConfiguration section */

/* Begin XCConfigurationList section */
		BA292FF427B3A56400AEC752 /* Build configuration list for PBXProject "Dummy" */ = {
			isa = XCConfigurationList;
			buildConfigurations = (
				BA29300B27B3A56600AEC752 /* Debug */,
				BA29300C27B3A56600AEC752 /* Release */,
			);
			defaultConfigurationIsVisible = 0;
			defaultConfigurationName = Release;
		};
		BA29300D27B3A56600AEC752 /* Build configuration list for PBXNativeTarget "Dummy" */ = {
			isa = XCConfigurationList;
			buildConfigurations = (
				BA29300E27B3A56600AEC752 /* Debug */,
				BA29300F27B3A56600AEC752 /* Release */,
			);
			defaultConfigurationIsVisible = 0;
			defaultConfigurationName = Release;
		};
/* End XCConfigurationList section */
	};
	rootObject = BA292FF127B3A56400AEC752 /* Project object */;
}
